
Microsoft Visual Studio Solution File, Format Version 11.00
# Visual Studio 2010
Project("{FAE04EC0-301F-11D3-BF4B-00C04F79EFBC}") = "ChessExample", "Assembly-CSharp.csproj", "{879523F9-55B5-7BA8-2E19-5AB3F17B179D}"
EndProject
Global
	GlobalSection(SolutionConfigurationPlatforms) = preSolution
		Debug|Any CPU = Debug|Any CPU
		Release|Any CPU = Release|Any CPU
	EndGlobalSection
	GlobalSection(ProjectConfigurationPlatforms) = postSolution
		{879523F9-55B5-7BA8-2E19-5AB3F17B179D}.Debug|Any CPU.ActiveCfg = Debug|Any CPU
		{879523F9-55B5-7BA8-2E19-5AB3F17B179D}.Debug|Any CPU.Build.0 = Debug|Any CPU
		{879523F9-55B5-7BA8-2E19-5AB3F17B179D}.Release|Any CPU.ActiveCfg = Release|Any CPU
		{879523F9-55B5-7BA8-2E19-5AB3F17B179D}.Release|Any CPU.Build.0 = Release|Any CPU
	EndGlobalSection
	GlobalSection(SolutionProperties) = preSolution
		HideSolutionNode = FALSE
	EndGlobalSection
	GlobalSection(MonoDevelopProperties) = preSolution
		StartupItem = Assembly-CSharp.csproj
	EndGlobalSection
EndGlobal
